
Microsoft Visual Studio Solution File, Format Version 12.00
# Visual Studio Version 17
VisualStudioVersion = 17.10.35122.118
MinimumVisualStudioVersion = 10.0.40219.1
Project("{FAE04EC0-301F-11D3-BF4B-00C04F79EFBC}") = "emp_salary_bonus", "emp_salary_bonus\emp_salary_bonus.csproj", "{EEC1E82A-5490-467F-BCBD-7CE96AEAAABE}"
EndProject
Global
	GlobalSection(SolutionConfigurationPlatforms) = preSolution
		Debug|Any CPU = Debug|Any CPU
		Release|Any CPU = Release|Any CPU
	EndGlobalSection
	GlobalSection(ProjectConfigurationPlatforms) = postSolution
		{EEC1E82A-5490-467F-BCBD-7CE96AEAAABE}.Debug|Any CPU.ActiveCfg = Debug|Any CPU
		{EEC1E82A-5490-467F-BCBD-7CE96AEAAABE}.Debug|Any CPU.Build.0 = Debug|Any CPU
		{EEC1E82A-5490-467F-BCBD-7CE96AEAAABE}.Release|Any CPU.ActiveCfg = Release|Any CPU
		{EEC1E82A-5490-467F-BCBD-7CE96AEAAABE}.Release|Any CPU.Build.0 = Release|Any CPU
	EndGlobalSection
	GlobalSection(SolutionProperties) = preSolution
		HideSolutionNode = FALSE
	EndGlobalSection
	GlobalSection(ExtensibilityGlobals) = postSolution
		SolutionGuid = {A60C6026-8541-4432-A25E-A86BFD5F6291}
	EndGlobalSection
EndGlobal
